
Microsoft Visual Studio Solution File, Format Version 12.00
# Visual Studio Version 17
VisualStudioVersion = 17.10.35122.118
MinimumVisualStudioVersion = 10.0.40219.1
Project("{FAE04EC0-301F-11D3-BF4B-00C04F79EFBC}") = "MiApi", "MiApi\MiApi.csproj", "{AFF71568-C259-4F44-AE01-713036D2F470}"
EndProject
Global
	GlobalSection(SolutionConfigurationPlatforms) = preSolution
		Debug|Any CPU = Debug|Any CPU
		Release|Any CPU = Release|Any CPU
	EndGlobalSection
	GlobalSection(ProjectConfigurationPlatforms) = postSolution
		{AFF71568-C259-4F44-AE01-713036D2F470}.Debug|Any CPU.ActiveCfg = Debug|Any CPU
		{AFF71568-C259-4F44-AE01-713036D2F470}.Debug|Any CPU.Build.0 = Debug|Any CPU
		{AFF71568-C259-4F44-AE01-713036D2F470}.Release|Any CPU.ActiveCfg = Release|Any CPU
		{AFF71568-C259-4F44-AE01-713036D2F470}.Release|Any CPU.Build.0 = Release|Any CPU
	EndGlobalSection
	GlobalSection(SolutionProperties) = preSolution
		HideSolutionNode = FALSE
	EndGlobalSection
	GlobalSection(ExtensibilityGlobals) = postSolution
		SolutionGuid = {71BC07C7-CF93-41CB-A785-009987728382}
	EndGlobalSection
EndGlobal
